// !$*UTF8*$!
{
	archiveVersion = 1;
	classes = {
	};
	objectVersion = 46;
	objects = {

/* Begin PBXBuildFile section */
		DF554B3B1C77C4E20086DE03 /* AppDelegate.swift in Sources */ = {isa = PBXBuildFile; fileRef = DF554B3A1C77C4E20086DE03 /* AppDelegate.swift */; };
		DF554B3D1C77C4E20086DE03 /* ViewController.swift in Sources */ = {isa = PBXBuildFile; fileRef = DF554B3C1C77C4E20086DE03 /* ViewController.swift */; };
		DF554B401C77C4E20086DE03 /* Main.storyboard in Resources */ = {isa = PBXBuildFile; fileRef = DF554B3E1C77C4E20086DE03 /* Main.storyboard */; };
		DF554B421C77C4E20086DE03 /* Assets.xcassets in Resources */ = {isa = PBXBuildFile; fileRef = DF554B411C77C4E20086DE03 /* Assets.xcassets */; };
		DF554B451C77C4E20086DE03 /* LaunchScreen.storyboard in Resources */ = {isa = PBXBuildFile; fileRef = DF554B431C77C4E20086DE03 /* LaunchScreen.storyboard */; };
		DF554B501C77C4E40086DE03 /* Food_trackerTests.swift in Sources */ = {isa = PBXBuildFile; fileRef = DF554B4F1C77C4E40086DE03 /* Food_trackerTests.swift */; };
/* End PBXBuildFile section */

/* Begin PBXContainerItemProxy section */
		DF554B4C1C77C4E30086DE03 /* PBXContainerItemProxy */ = {
			isa = PBXContainerItemProxy;
			containerPortal = DF554B2F1C77C4E10086DE03 /* Project object */;
			proxyType = 1;
			remoteGlobalIDString = DF554B361C77C4E10086DE03;
			remoteInfo = "Food tracker";
		};
/* End PBXContainerItemProxy section */

/* Begin PBXFileReference section */
		DF554B371C77C4E20086DE03 /* Food tracker.app */ = {isa = PBXFileReference; explicitFileType = wrapper.application; includeInIndex = 0; path = "Food tracker.app"; sourceTree = BUILT_PRODUCTS_DIR; };
		DF554B3A1C77C4E20086DE03 /* AppDelegate.swift */ = {isa = PBXFileReference; lastKnownFileType = sourcecode.swift; path = AppDelegate.swift; sourceTree = "<group>"; };
		DF554B3C1C77C4E20086DE03 /* ViewController.swift */ = {isa = PBXFileReference; lastKnownFileType = sourcecode.swift; path = ViewController.swift; sourceTree = "<group>"; };
		DF554B3F1C77C4E20086DE03 /* Base */ = {isa = PBXFileReference; lastKnownFileType = file.storyboard; name = Base; path = Base.lproj/Main.storyboard; sourceTree = "<group>"; };
		DF554B411C77C4E20086DE03 /* Assets.xcassets */ = {isa = PBXFileReference; lastKnownFileType = folder.assetcatalog; path = Assets.xcassets; sourceTree = "<group>"; };
		DF554B441C77C4E20086DE03 /* Base */ = {isa = PBXFileReference; lastKnownFileType = file.storyboard; name = Base; path = Base.lproj/LaunchScreen.storyboard; sourceTree = "<group>"; };
		DF554B461C77C4E20086DE03 /* Info.plist */ = {isa = PBXFileReference; lastKnownFileType = text.plist.xml; path = Info.plist; sourceTree = "<group>"; };
		DF554B4B1C77C4E30086DE03 /* Food trackerTests.xctest */ = {isa = PBXFileReference; explicitFileType = wrapper.cfbundle; includeInIndex = 0; path = "Food trackerTests.xctest"; sourceTree = BUILT_PRODUCTS_DIR; };
		DF554B4F1C77C4E40086DE03 /* Food_trackerTests.swift */ = {isa = PBXFileReference; lastKnownFileType = sourcecode.swift; path = Food_trackerTests.swift; sourceTree = "<group>"; };
		DF554B511C77C4E40086DE03 /* Info.plist */ = {isa = PBXFileReference; lastKnownFileType = text.plist.xml; path = Info.plist; sourceTree = "<group>"; };
/* End PBXFileReference section */

/* Begin PBXFrameworksBuildPhase section */
		DF554B341C77C4E10086DE03 /* Frameworks */ = {
			isa = PBXFrameworksBuildPhase;
			buildActionMask = 2147483647;
			files = (
			);
			runOnlyForDeploymentPostprocessing = 0;
		};
		DF554B481C77C4E30086DE03 /* Frameworks */ = {
			isa = PBXFrameworksBuildPhase;
			buildActionMask = 2147483647;
			files = (
			);
			runOnlyForDeploymentPostprocessing = 0;
		};
/* End PBXFrameworksBuildPhase section */

/* Begin PBXGroup section */
		DF554B2E1C77C4E10086DE03 = {
			isa = PBXGroup;
			children = (
				DF554B391C77C4E20086DE03 /* Food tracker */,
				DF554B4E1C77C4E30086DE03 /* Food trackerTests */,
				DF554B381C77C4E20086DE03 /* Products */,
			);
			sourceTree = "<group>";
		};
		DF554B381C77C4E20086DE03 /* Products */ = {
			isa = PBXGroup;
			children = (
				DF554B371C77C4E20086DE03 /* Food tracker.app */,
				DF554B4B1C77C4E30086DE03 /* Food trackerTests.xctest */,
			);
			name = Products;
			sourceTree = "<group>";
		};
		DF554B391C77C4E20086DE03 /* Food tracker */ = {
			isa = PBXGroup;
			children = (
				DF554B3A1C77C4E20086DE03 /* AppDelegate.swift */,
				DF554B3C1C77C4E20086DE03 /* ViewController.swift */,
				DF554B3E1C77C4E20086DE03 /* Main.storyboard */,
				DF554B411C77C4E20086DE03 /* Assets.xcassets */,
				DF554B431C77C4E20086DE03 /* LaunchScreen.storyboard */,
				DF554B461C77C4E20086DE03 /* Info.plist */,
			);
			path = "Food tracker";
			sourceTree = "<group>";
		};
		DF554B4E1C77C4E30086DE03 /* Food trackerTests */ = {
			isa = PBXGroup;
			children = (
				DF554B4F1C77C4E40086DE03 /* Food_trackerTests.swift */,
				DF554B511C77C4E40086DE03 /* Info.plist */,
			);
			path = "Food trackerTests";
			sourceTree = "<group>";
		};
/* End PBXGroup section */

/* Begin PBXNativeTarget section */
		DF554B361C77C4E10086DE03 /* Food tracker */ = {
			isa = PBXNativeTarget;
			buildConfigurationList = DF554B541C77C4E40086DE03 /* Build configuration list for PBXNativeTarget "Food tracker" */;
			buildPhases = (
				DF554B331C77C4E10086DE03 /* Sources */,
				DF554B341C77C4E10086DE03 /* Frameworks */,
				DF554B351C77C4E10086DE03 /* Resources */,
			);
			buildRules = (
			);
			dependencies = (
			);
			name = "Food tracker";
			productName = "Food tracker";
			productReference = DF554B371C77C4E20086DE03 /* Food tracker.app */;
			productType = "com.apple.product-type.application";
		};
		DF554B4A1C77C4E30086DE03 /* Food trackerTests */ = {
			isa = PBXNativeTarget;
			buildConfigurationList = DF554B571C77C4E40086DE03 /* Build configuration list for PBXNativeTarget "Food trackerTests" */;
			buildPhases = (
				DF554B471C77C4E30086DE03 /* Sources */,
				DF554B481C77C4E30086DE03 /* Frameworks */,
				DF554B491C77C4E30086DE03 /* Resources */,
			);
			buildRules = (
			);
			dependencies = (
				DF554B4D1C77C4E30086DE03 /* PBXTargetDependency */,
			);
			name = "Food trackerTests";
			productName = "Food trackerTests";
			productReference = DF554B4B1C77C4E30086DE03 /* Food trackerTests.xctest */;
			productType = "com.apple.product-type.bundle.unit-test";
		};
/* End PBXNativeTarget section */

/* Begin PBXProject section */
		DF554B2F1C77C4E10086DE03 /* Project object */ = {
			isa = PBXProject;
			attributes = {
				LastSwiftUpdateCheck = 0720;
				LastUpgradeCheck = 0720;
				ORGANIZATIONNAME = "Emmanuel Cb, Inc.";
				TargetAttributes = {
					DF554B361C77C4E10086DE03 = {
						CreatedOnToolsVersion = 7.2.1;
						DevelopmentTeam = BGMK2DV39H;
					};
					DF554B4A1C77C4E30086DE03 = {
						CreatedOnToolsVersion = 7.2.1;
						DevelopmentTeam = BGMK2DV39H;
						TestTargetID = DF554B361C77C4E10086DE03;
					};
				};
			};
			buildConfigurationList = DF554B321C77C4E10086DE03 /* Build configuration list for PBXProject "Food tracker" */;
			compatibilityVersion = "Xcode 3.2";
			developmentRegion = English;
			hasScannedForEncodings = 0;
			knownRegions = (
				en,
				Base,
			);
			mainGroup = DF554B2E1C77C4E10086DE03;
			productRefGroup = DF554B381C77C4E20086DE03 /* Products */;
			projectDirPath = "";
			projectRoot = "";
			targets = (
				DF554B361C77C4E10086DE03 /* Food tracker */,
				DF554B4A1C77C4E30086DE03 /* Food trackerTests */,
			);
		};
/* End PBXProject section */

/* Begin PBXResourcesBuildPhase section */
		DF554B351C77C4E10086DE03 /* Resources */ = {
			isa = PBXResourcesBuildPhase;
			buildActionMask = 2147483647;
			files = (
				DF554B451C77C4E20086DE03 /* LaunchScreen.storyboard in Resources */,
				DF554B421C77C4E20086DE03 /* Assets.xcassets in Resources */,
				DF554B401C77C4E20086DE03 /* Main.storyboard in Resources */,
			);
			runOnlyForDeploymentPostprocessing = 0;
		};
		DF554B491C77C4E30086DE03 /* Resources */ = {
			isa = PBXResourcesBuildPhase;
			buildActionMask = 2147483647;
			files = (
			);
			runOnlyForDeploymentPostprocessing = 0;
		};
/* End PBXResourcesBuildPhase section */

/* Begin PBXSourcesBuildPhase section */
		DF554B331C77C4E10086DE03 /* Sources */ = {
			isa = PBXSourcesBuildPhase;
			buildActionMask = 2147483647;
			files = (
				DF554B3D1C77C4E20086DE03 /* ViewController.swift in Sources */,
				DF554B3B1C77C4E20086DE03 /* AppDelegate.swift in Sources */,
			);
			runOnlyForDeploymentPostprocessing = 0;
		};
		DF554B471C77C4E30086DE03 /* Sources */ = {
			isa = PBXSourcesBuildPhase;
			buildActionMask = 2147483647;
			files = (
				DF554B501C77C4E40086DE03 /* Food_trackerTests.swift in Sources */,
			);
			runOnlyForDeploymentPostprocessing = 0;
		};
/* End PBXSourcesBuildPhase section */

/* Begin PBXTargetDependency section */
		DF554B4D1C77C4E30086DE03 /* PBXTargetDependency */ = {
			isa = PBXTargetDependency;
			target = DF554B361C77C4E10086DE03 /* Food tracker */;
			targetProxy = DF554B4C1C77C4E30086DE03 /* PBXContainerItemProxy */;
		};
/* End PBXTargetDependency section */

/* Begin PBXVariantGroup section */
		DF554B3E1C77C4E20086DE03 /* Main.storyboard */ = {
			isa = PBXVariantGroup;
			children = (
				DF554B3F1C77C4E20086DE03 /* Base */,
			);
			name = Main.storyboard;
			sourceTree = "<group>";
		};
		DF554B431C77C4E20086DE03 /* LaunchScreen.storyboard */ = {
			isa = PBXVariantGroup;
			children = (
				DF554B441C77C4E20086DE03 /* Base */,
			);
			name = LaunchScreen.storyboard;
			sourceTree = "<group>";
		};
/* End PBXVariantGroup section */

/* Begin XCBuildConfiguration section */
		DF554B521C77C4E40086DE03 /* Debug */ = {
			isa = XCBuildConfiguration;
			buildSettings = {
				ALWAYS_SEARCH_USER_PATHS = NO;
				CLANG_CXX_LANGUAGE_STANDARD = "gnu++0x";
				CLANG_CXX_LIBRARY = "libc++";
				CLANG_ENABLE_MODULES = YES;
				CLANG_ENABLE_OBJC_ARC = YES;
				CLANG_WARN_BOOL_CONVERSION = YES;
				CLANG_WARN_CONSTANT_CONVERSION = YES;
				CLANG_WARN_DIRECT_OBJC_ISA_USAGE = YES_ERROR;
				CLANG_WARN_EMPTY_BODY = YES;
				CLANG_WARN_ENUM_CONVERSION = YES;
				CLANG_WARN_INT_CONVERSION = YES;
				CLANG_WARN_OBJC_ROOT_CLASS = YES_ERROR;
				CLANG_WARN_UNREACHABLE_CODE = YES;
				CLANG_WARN__DUPLICATE_METHOD_MATCH = YES;
				"CODE_SIGN_IDENTITY[sdk=iphoneos*]" = "iPhone Developer";
				COPY_PHASE_STRIP = NO;
				DEBUG_INFORMATION_FORMAT = dwarf;
				ENABLE_STRICT_OBJC_MSGSEND = YES;
				ENABLE_TESTABILITY = YES;
				GCC_C_LANGUAGE_STANDARD = gnu99;
				GCC_DYNAMIC_NO_PIC = NO;
				GCC_NO_COMMON_BLOCKS = YES;
				GCC_OPTIMIZATION_LEVEL = 0;
				GCC_PREPROCESSOR_DEFINITIONS = (
					"DEBUG=1",
					"$(inherited)",
				);
				GCC_WARN_64_TO_32_BIT_CONVERSION = YES;
				GCC_WARN_ABOUT_RETURN_TYPE = YES_ERROR;
				GCC_WARN_UNDECLARED_SELECTOR = YES;
				GCC_WARN_UNINITIALIZED_AUTOS = YES_AGGRESSIVE;
				GCC_WARN_UNUSED_FUNCTION = YES;
				GCC_WARN_UNUSED_VARIABLE = YES;
				IPHONEOS_DEPLOYMENT_TARGET = 9.2;
				MTL_ENABLE_DEBUG_INFO = YES;
				ONLY_ACTIVE_ARCH = YES;
				SDKROOT = iphoneos;
				SWIFT_OPTIMIZATION_LEVEL = "-Onone";
				TARGETED_DEVICE_FAMILY = "1,2";
			};
			name = Debug;
		};
		DF554B531C77C4E40086DE03 /* Release */ = {
			isa = XCBuildConfiguration;
			buildSettings = {
				ALWAYS_SEARCH_USER_PATHS = NO;
				CLANG_CXX_LANGUAGE_STANDARD = "gnu++0x";
				CLANG_CXX_LIBRARY = "libc++";
				CLANG_ENABLE_MODULES = YES;
				CLANG_ENABLE_OBJC_ARC = YES;
				CLANG_WARN_BOOL_CONVERSION = YES;
				CLANG_WARN_CONSTANT_CONVERSION = YES;
				CLANG_WARN_DIRECT_OBJC_ISA_USAGE = YES_ERROR;
				CLANG_WARN_EMPTY_BODY = YES;
				CLANG_WARN_ENUM_CONVERSION = YES;
				CLANG_WARN_INT_CONVERSION = YES;
				CLANG_WARN_OBJC_ROOT_CLASS = YES_ERROR;
				CLANG_WARN_UNREACHABLE_CODE = YES;
				CLANG_WARN__DUPLICATE_METHOD_MATCH = YES;
				"CODE_SIGN_IDENTITY[sdk=iphoneos*]" = "iPhone Developer";
				COPY_PHASE_STRIP = NO;
				DEBUG_INFORMATION_FORMAT = "dwarf-with-dsym";
				ENABLE_NS_ASSERTIONS = NO;
				ENABLE_STRICT_OBJC_MSGSEND = YES;
				GCC_C_LANGUAGE_STANDARD = gnu99;
				GCC_NO_COMMON_BLOCKS = YES;
				GCC_WARN_64_TO_32_BIT_CONVERSION = YES;
				GCC_WARN_ABOUT_RETURN_TYPE = YES_ERROR;
				GCC_WARN_UNDECLARED_SELECTOR = YES;
				GCC_WARN_UNINITIALIZED_AUTOS = YES_AGGRESSIVE;
				GCC_WARN_UNUSED_FUNCTION = YES;
				GCC_WARN_UNUSED_VARIABLE = YES;
				IPHONEOS_DEPLOYMENT_TARGET = 9.2;
				MTL_ENABLE_DEBUG_INFO = NO;
				SDKROOT = iphoneos;
				TARGETED_DEVICE_FAMILY = "1,2";
				VALIDATE_PRODUCT = YES;
			};
			name = Release;
		};
		DF554B551C77C4E40086DE03 /* Debug */ = {
			isa = XCBuildConfiguration;
			buildSettings = {
				ASSETCATALOG_COMPILER_APPICON_NAME = AppIcon;
				INFOPLIST_FILE = "Food tracker/Info.plist";
				LD_RUNPATH_SEARCH_PATHS = "$(inherited) @executable_path/Frameworks";
				PRODUCT_BUNDLE_IDENTIFIER = "com.emmanuelcb.apps.Food-tracker";
				PRODUCT_NAME = "$(TARGET_NAME)";
			};
			name = Debug;
		};
		DF554B561C77C4E40086DE03 /* Release */ = {
			isa = XCBuildConfiguration;
			buildSettings = {
				ASSETCATALOG_COMPILER_APPICON_NAME = AppIcon;
				INFOPLIST_FILE = "Food tracker/Info.plist";
				LD_RUNPATH_SEARCH_PATHS = "$(inherited) @executable_path/Frameworks";
				PRODUCT_BUNDLE_IDENTIFIER = "com.emmanuelcb.apps.Food-tracker";
				PRODUCT_NAME = "$(TARGET_NAME)";
			};
			name = Release;
		};
		DF554B581C77C4E40086DE03 /* Debug */ = {
			isa = XCBuildConfiguration;
			buildSettings = {
				BUNDLE_LOADER = "$(TEST_HOST)";
				INFOPLIST_FILE = "Food trackerTests/Info.plist";
				LD_RUNPATH_SEARCH_PATHS = "$(inherited) @executable_path/Frameworks @loader_path/Frameworks";
				PRODUCT_BUNDLE_IDENTIFIER = "com.emmanuelcb.apps.Food-trackerTests";
				PRODUCT_NAME = "$(TARGET_NAME)";
				TEST_HOST = "$(BUILT_PRODUCTS_DIR)/Food tracker.app/Food tracker";
			};
			name = Debug;
		};
		DF554B591C77C4E40086DE03 /* Release */ = {
			isa = XCBuildConfiguration;
			buildSettings = {
				BUNDLE_LOADER = "$(TEST_HOST)";
				INFOPLIST_FILE = "Food trackerTests/Info.plist";
				LD_RUNPATH_SEARCH_PATHS = "$(inherited) @executable_path/Frameworks @loader_path/Frameworks";
				PRODUCT_BUNDLE_IDENTIFIER = "com.emmanuelcb.apps.Food-trackerTests";
				PRODUCT_NAME = "$(TARGET_NAME)";
				TEST_HOST = "$(BUILT_PRODUCTS_DIR)/Food tracker.app/Food tracker";
			};
			name = Release;
		};
/* End XCBuildConfiguration section */

/* Begin XCConfigurationList section */
		DF554B321C77C4E10086DE03 /* Build configuration list for PBXProject "Food tracker" */ = {
			isa = XCConfigurationList;
			buildConfigurations = (
				DF554B521C77C4E40086DE03 /* Debug */,
				DF554B531C77C4E40086DE03 /* Release */,
			);
			defaultConfigurationIsVisible = 0;
			defaultConfigurationName = Release;
		};
		DF554B541C77C4E40086DE03 /* Build configuration list for PBXNativeTarget "Food tracker" */ = {
			isa = XCConfigurationList;
			buildConfigurations = (
				DF554B551C77C4E40086DE03 /* Debug */,
				DF554B561C77C4E40086DE03 /* Release */,
			);
			defaultConfigurationIsVisible = 0;
		};
		DF554B571C77C4E40086DE03 /* Build configuration list for PBXNativeTarget "Food trackerTests" */ = {
			isa = XCConfigurationList;
			buildConfigurations = (
				DF554B581C77C4E40086DE03 /* Debug */,
				DF554B591C77C4E40086DE03 /* Release */,
			);
			defaultConfigurationIsVisible = 0;
		};
/* End XCConfigurationList section */
	};
	rootObject = DF554B2F1C77C4E10086DE03 /* Project object */;
}
